
Microsoft Visual Studio Solution File, Format Version 12.00
# Visual Studio Version 17
VisualStudioVersion = 17.2.32505.173
MinimumVisualStudioVersion = 10.0.40219.1
Project("{FAE04EC0-301F-11D3-BF4B-00C04F79EFBC}") = "txt", "txt\txt.csproj", "{E2018847-914C-4C78-B684-EE3E3850E24F}"
EndProject
Global
	GlobalSection(SolutionConfigurationPlatforms) = preSolution
		Debug|Any CPU = Debug|Any CPU
		Release|Any CPU = Release|Any CPU
	EndGlobalSection
	GlobalSection(ProjectConfigurationPlatforms) = postSolution
		{E2018847-914C-4C78-B684-EE3E3850E24F}.Debug|Any CPU.ActiveCfg = Debug|Any CPU
		{E2018847-914C-4C78-B684-EE3E3850E24F}.Debug|Any CPU.Build.0 = Debug|Any CPU
		{E2018847-914C-4C78-B684-EE3E3850E24F}.Release|Any CPU.ActiveCfg = Release|Any CPU
		{E2018847-914C-4C78-B684-EE3E3850E24F}.Release|Any CPU.Build.0 = Release|Any CPU
	EndGlobalSection
	GlobalSection(SolutionProperties) = preSolution
		HideSolutionNode = FALSE
	EndGlobalSection
	GlobalSection(ExtensibilityGlobals) = postSolution
		SolutionGuid = {80102B46-66A2-434F-91D3-DE81D9F0D8D8}
	EndGlobalSection
EndGlobal
