
Microsoft Visual Studio Solution File, Format Version 12.00
# Visual Studio Version 17
VisualStudioVersion = 17.1.32210.238
MinimumVisualStudioVersion = 10.0.40219.1
Project("{FAE04EC0-301F-11D3-BF4B-00C04F79EFBC}") = "ConsoleApp3", "ConsoleApp3\ConsoleApp3.csproj", "{D19916DE-7D7E-4297-9412-4C01EC98D978}"
EndProject
Global
	GlobalSection(SolutionConfigurationPlatforms) = preSolution
		Debug|Any CPU = Debug|Any CPU
		Release|Any CPU = Release|Any CPU
	EndGlobalSection
	GlobalSection(ProjectConfigurationPlatforms) = postSolution
		{D19916DE-7D7E-4297-9412-4C01EC98D978}.Debug|Any CPU.ActiveCfg = Debug|Any CPU
		{D19916DE-7D7E-4297-9412-4C01EC98D978}.Debug|Any CPU.Build.0 = Debug|Any CPU
		{D19916DE-7D7E-4297-9412-4C01EC98D978}.Release|Any CPU.ActiveCfg = Release|Any CPU
		{D19916DE-7D7E-4297-9412-4C01EC98D978}.Release|Any CPU.Build.0 = Release|Any CPU
	EndGlobalSection
	GlobalSection(SolutionProperties) = preSolution
		HideSolutionNode = FALSE
	EndGlobalSection
	GlobalSection(ExtensibilityGlobals) = postSolution
		SolutionGuid = {46555620-877E-4EF8-89F9-8AF7B7F31CB1}
	EndGlobalSection
EndGlobal
