
Microsoft Visual Studio Solution File, Format Version 12.00
# Visual Studio Version 17
VisualStudioVersion = 17.2.32505.173
MinimumVisualStudioVersion = 10.0.40219.1
Project("{FAE04EC0-301F-11D3-BF4B-00C04F79EFBC}") = "MessageBoxDefaultApp", "MessageBoxDefaultApp\MessageBoxDefaultApp.csproj", "{50322B90-CA40-49AE-B158-10710D2E260C}"
EndProject
Global
	GlobalSection(SolutionConfigurationPlatforms) = preSolution
		Debug|Any CPU = Debug|Any CPU
		Release|Any CPU = Release|Any CPU
	EndGlobalSection
	GlobalSection(ProjectConfigurationPlatforms) = postSolution
		{50322B90-CA40-49AE-B158-10710D2E260C}.Debug|Any CPU.ActiveCfg = Debug|Any CPU
		{50322B90-CA40-49AE-B158-10710D2E260C}.Debug|Any CPU.Build.0 = Debug|Any CPU
		{50322B90-CA40-49AE-B158-10710D2E260C}.Release|Any CPU.ActiveCfg = Release|Any CPU
		{50322B90-CA40-49AE-B158-10710D2E260C}.Release|Any CPU.Build.0 = Release|Any CPU
	EndGlobalSection
	GlobalSection(SolutionProperties) = preSolution
		HideSolutionNode = FALSE
	EndGlobalSection
	GlobalSection(ExtensibilityGlobals) = postSolution
		SolutionGuid = {8B410FF3-7343-4166-904A-92D88829BDD3}
	EndGlobalSection
EndGlobal
